// !$*UTF8*$!
{
	archiveVersion = 1;
	classes = {
	};
	objectVersion = 55;
	objects = {

/* Begin PBXBuildFile section */
		84797F0A287B2D2600FA4503 /* data.json in Resources */ = {isa = PBXBuildFile; fileRef = 84797F09287B2D2600FA4503 /* data.json */; };
		84797F0E287B63DE00FA4503 /* MapViewController.swift in Sources */ = {isa = PBXBuildFile; fileRef = 84797F0D287B63DE00FA4503 /* MapViewController.swift */; };
		84797F11287B7B8F00FA4503 /* MyLocation.swift in Sources */ = {isa = PBXBuildFile; fileRef = 84797F10287B7B8F00FA4503 /* MyLocation.swift */; };
		84797F21287C9FB000FA4503 /* BuyViewController.swift in Sources */ = {isa = PBXBuildFile; fileRef = 84797F20287C9FB000FA4503 /* BuyViewController.swift */; };
		84797F29287D42C200FA4503 /* Structur.swift in Sources */ = {isa = PBXBuildFile; fileRef = 84797F28287D42C200FA4503 /* Structur.swift */; };
		84797F2B287D43F900FA4503 /* Repository.swift in Sources */ = {isa = PBXBuildFile; fileRef = 84797F2A287D43F900FA4503 /* Repository.swift */; };
		8479BC94287DC8BE00DF21A3 /* TarjetViewController.swift in Sources */ = {isa = PBXBuildFile; fileRef = 8479BC93287DC8BE00DF21A3 /* TarjetViewController.swift */; };
		849C64262873428D00D1B2C8 /* Pods_RapiCar.framework in Frameworks */ = {isa = PBXBuildFile; fileRef = 512A8120063E602D567C5E9F /* Pods_RapiCar.framework */; };
		849C643F28789CE700D1B2C8 /* CardTableViewCell.swift in Sources */ = {isa = PBXBuildFile; fileRef = 849C643D28789CE700D1B2C8 /* CardTableViewCell.swift */; };
		849C644028789CE700D1B2C8 /* CardTableViewCell.xib in Resources */ = {isa = PBXBuildFile; fileRef = 849C643E28789CE700D1B2C8 /* CardTableViewCell.xib */; };
		84A91161286927B50095749C /* AppDelegate.swift in Sources */ = {isa = PBXBuildFile; fileRef = 84A91160286927B50095749C /* AppDelegate.swift */; };
		84A91163286927B50095749C /* SceneDelegate.swift in Sources */ = {isa = PBXBuildFile; fileRef = 84A91162286927B50095749C /* SceneDelegate.swift */; };
		84A91165286927B50095749C /* ViewController.swift in Sources */ = {isa = PBXBuildFile; fileRef = 84A91164286927B50095749C /* ViewController.swift */; };
		84A91168286927B50095749C /* Main.storyboard in Resources */ = {isa = PBXBuildFile; fileRef = 84A91166286927B50095749C /* Main.storyboard */; };
		84A9116A286927B50095749C /* Assets.xcassets in Resources */ = {isa = PBXBuildFile; fileRef = 84A91169286927B50095749C /* Assets.xcassets */; };
		84A9116D286927B50095749C /* LaunchScreen.storyboard in Resources */ = {isa = PBXBuildFile; fileRef = 84A9116B286927B50095749C /* LaunchScreen.storyboard */; };
		84A9117D2869FFC70095749C /* LoginViewController.swift in Sources */ = {isa = PBXBuildFile; fileRef = 84A9117C2869FFC70095749C /* LoginViewController.swift */; };
		84A9117F2869FFD60095749C /* SiginViewController.swift in Sources */ = {isa = PBXBuildFile; fileRef = 84A9117E2869FFD60095749C /* SiginViewController.swift */; };
		84A911812869FFE00095749C /* SearchViewController.swift in Sources */ = {isa = PBXBuildFile; fileRef = 84A911802869FFE00095749C /* SearchViewController.swift */; };
		84A91183286AA3860095749C /* GoogleService-Info.plist in Resources */ = {isa = PBXBuildFile; fileRef = 84A91182286AA3860095749C /* GoogleService-Info.plist */; };
/* End PBXBuildFile section */

/* Begin PBXFileReference section */
		512A8120063E602D567C5E9F /* Pods_RapiCar.framework */ = {isa = PBXFileReference; explicitFileType = wrapper.framework; includeInIndex = 0; path = Pods_RapiCar.framework; sourceTree = BUILT_PRODUCTS_DIR; };
		84797F062879FF5300FA4503 /* JsonLocal.xcconfig */ = {isa = PBXFileReference; lastKnownFileType = text.xcconfig; path = JsonLocal.xcconfig; sourceTree = "<group>"; };
		84797F09287B2D2600FA4503 /* data.json */ = {isa = PBXFileReference; fileEncoding = 4; lastKnownFileType = text.json; name = data.json; path = RapiCar/DataCar/data.json; sourceTree = SOURCE_ROOT; };
		84797F0D287B63DE00FA4503 /* MapViewController.swift */ = {isa = PBXFileReference; lastKnownFileType = sourcecode.swift; path = MapViewController.swift; sourceTree = "<group>"; };
		84797F10287B7B8F00FA4503 /* MyLocation.swift */ = {isa = PBXFileReference; lastKnownFileType = sourcecode.swift; path = MyLocation.swift; sourceTree = "<group>"; };
		84797F20287C9FB000FA4503 /* BuyViewController.swift */ = {isa = PBXFileReference; lastKnownFileType = sourcecode.swift; path = BuyViewController.swift; sourceTree = "<group>"; };
		84797F28287D42C200FA4503 /* Structur.swift */ = {isa = PBXFileReference; lastKnownFileType = sourcecode.swift; path = Structur.swift; sourceTree = "<group>"; };
		84797F2A287D43F900FA4503 /* Repository.swift */ = {isa = PBXFileReference; lastKnownFileType = sourcecode.swift; path = Repository.swift; sourceTree = "<group>"; };
		8479BC93287DC8BE00DF21A3 /* TarjetViewController.swift */ = {isa = PBXFileReference; lastKnownFileType = sourcecode.swift; path = TarjetViewController.swift; sourceTree = "<group>"; };
		849C64222873427A00D1B2C8 /* FirebaseInstallations.framework */ = {isa = PBXFileReference; explicitFileType = wrapper.framework; path = FirebaseInstallations.framework; sourceTree = BUILT_PRODUCTS_DIR; };
		849C643D28789CE700D1B2C8 /* CardTableViewCell.swift */ = {isa = PBXFileReference; lastKnownFileType = sourcecode.swift; path = CardTableViewCell.swift; sourceTree = "<group>"; };
		849C643E28789CE700D1B2C8 /* CardTableViewCell.xib */ = {isa = PBXFileReference; lastKnownFileType = file.xib; path = CardTableViewCell.xib; sourceTree = "<group>"; };
		84A9115D286927B50095749C /* RapiCar.app */ = {isa = PBXFileReference; explicitFileType = wrapper.application; includeInIndex = 0; path = RapiCar.app; sourceTree = BUILT_PRODUCTS_DIR; };
		84A91160286927B50095749C /* AppDelegate.swift */ = {isa = PBXFileReference; lastKnownFileType = sourcecode.swift; path = AppDelegate.swift; sourceTree = "<group>"; };
		84A91162286927B50095749C /* SceneDelegate.swift */ = {isa = PBXFileReference; lastKnownFileType = sourcecode.swift; path = SceneDelegate.swift; sourceTree = "<group>"; };
		84A91164286927B50095749C /* ViewController.swift */ = {isa = PBXFileReference; lastKnownFileType = sourcecode.swift; path = ViewController.swift; sourceTree = "<group>"; };
		84A91167286927B50095749C /* Base */ = {isa = PBXFileReference; lastKnownFileType = file.storyboard; name = Base; path = Base.lproj/Main.storyboard; sourceTree = "<group>"; };
		84A91169286927B50095749C /* Assets.xcassets */ = {isa = PBXFileReference; lastKnownFileType = folder.assetcatalog; path = Assets.xcassets; sourceTree = "<group>"; };
		84A9116C286927B50095749C /* Base */ = {isa = PBXFileReference; lastKnownFileType = file.storyboard; name = Base; path = Base.lproj/LaunchScreen.storyboard; sourceTree = "<group>"; };
		84A9116E286927B50095749C /* Info.plist */ = {isa = PBXFileReference; lastKnownFileType = text.plist.xml; path = Info.plist; sourceTree = "<group>"; };
		84A9117C2869FFC70095749C /* LoginViewController.swift */ = {isa = PBXFileReference; lastKnownFileType = sourcecode.swift; path = LoginViewController.swift; sourceTree = "<group>"; };
		84A9117E2869FFD60095749C /* SiginViewController.swift */ = {isa = PBXFileReference; lastKnownFileType = sourcecode.swift; path = SiginViewController.swift; sourceTree = "<group>"; };
		84A911802869FFE00095749C /* SearchViewController.swift */ = {isa = PBXFileReference; lastKnownFileType = sourcecode.swift; path = SearchViewController.swift; sourceTree = "<group>"; };
		84A91182286AA3860095749C /* GoogleService-Info.plist */ = {isa = PBXFileReference; fileEncoding = 4; lastKnownFileType = text.plist.xml; path = "GoogleService-Info.plist"; sourceTree = "<group>"; };
		84FAD0C46D755905325ECDF1 /* Pods-RapiCar.debug.xcconfig */ = {isa = PBXFileReference; includeInIndex = 1; lastKnownFileType = text.xcconfig; name = "Pods-RapiCar.debug.xcconfig"; path = "Target Support Files/Pods-RapiCar/Pods-RapiCar.debug.xcconfig"; sourceTree = "<group>"; };
		B25E87080C1307B1EDBE6F58 /* Pods-RapiCar.release.xcconfig */ = {isa = PBXFileReference; includeInIndex = 1; lastKnownFileType = text.xcconfig; name = "Pods-RapiCar.release.xcconfig"; path = "Target Support Files/Pods-RapiCar/Pods-RapiCar.release.xcconfig"; sourceTree = "<group>"; };
/* End PBXFileReference section */

/* Begin PBXFrameworksBuildPhase section */
		84A9115A286927B50095749C /* Frameworks */ = {
			isa = PBXFrameworksBuildPhase;
			buildActionMask = 2147483647;
			files = (
				849C64262873428D00D1B2C8 /* Pods_RapiCar.framework in Frameworks */,
			);
			runOnlyForDeploymentPostprocessing = 0;
		};
/* End PBXFrameworksBuildPhase section */

/* Begin PBXGroup section */
		717BA8987CED954D1404F08F /* Frameworks */ = {
			isa = PBXGroup;
			children = (
				849C64222873427A00D1B2C8 /* FirebaseInstallations.framework */,
				512A8120063E602D567C5E9F /* Pods_RapiCar.framework */,
			);
			name = Frameworks;
			sourceTree = "<group>";
		};
		84797F0B287B614C00FA4503 /* CustomCellView */ = {
			isa = PBXGroup;
			children = (
				849C643D28789CE700D1B2C8 /* CardTableViewCell.swift */,
				849C643E28789CE700D1B2C8 /* CardTableViewCell.xib */,
			);
			path = CustomCellView;
			sourceTree = "<group>";
		};
		84797F0C287B618200FA4503 /* DataCar */ = {
			isa = PBXGroup;
			children = (
				84797F062879FF5300FA4503 /* JsonLocal.xcconfig */,
				84797F09287B2D2600FA4503 /* data.json */,
				84797F28287D42C200FA4503 /* Structur.swift */,
			);
			path = DataCar;
			sourceTree = "<group>";
		};
		84797F0F287B7B7700FA4503 /* Maps */ = {
			isa = PBXGroup;
			children = (
				84797F10287B7B8F00FA4503 /* MyLocation.swift */,
				84797F0D287B63DE00FA4503 /* MapViewController.swift */,
			);
			path = Maps;
			sourceTree = "<group>";
		};
		84797F22287CA96B00FA4503 /* Search */ = {
			isa = PBXGroup;
			children = (
				84A911802869FFE00095749C /* SearchViewController.swift */,
				84797F2A287D43F900FA4503 /* Repository.swift */,
			);
			name = Search;
			path = ..;
			sourceTree = "<group>";
		};
		84797F23287D304D00FA4503 /* RentaCar */ = {
			isa = PBXGroup;
			children = (
				8479BC93287DC8BE00DF21A3 /* TarjetViewController.swift */,
				84797F20287C9FB000FA4503 /* BuyViewController.swift */,
			);
			path = RentaCar;
			sourceTree = "<group>";
		};
		849C64322874AF5C00D1B2C8 /* AutenticationUser */ = {
			isa = PBXGroup;
			children = (
				84A9117C2869FFC70095749C /* LoginViewController.swift */,
				84A9117E2869FFD60095749C /* SiginViewController.swift */,
			);
			path = AutenticationUser;
			sourceTree = "<group>";
		};
		84A91154286927B50095749C = {
			isa = PBXGroup;
			children = (
				84A9115F286927B50095749C /* RapiCar */,
				84A9115E286927B50095749C /* Products */,
				9B2A83F22C6E7BB2B92714AE /* Pods */,
				717BA8987CED954D1404F08F /* Frameworks */,
			);
			sourceTree = "<group>";
		};
		84A9115E286927B50095749C /* Products */ = {
			isa = PBXGroup;
			children = (
				84A9115D286927B50095749C /* RapiCar.app */,
			);
			name = Products;
			sourceTree = "<group>";
		};
		84A9115F286927B50095749C /* RapiCar */ = {
			isa = PBXGroup;
			children = (
				84A91160286927B50095749C /* AppDelegate.swift */,
				84A91162286927B50095749C /* SceneDelegate.swift */,
				84A91164286927B50095749C /* ViewController.swift */,
				84A91166286927B50095749C /* Main.storyboard */,
				84797F23287D304D00FA4503 /* RentaCar */,
				84797F22287CA96B00FA4503 /* Search */,
				84797F0F287B7B7700FA4503 /* Maps */,
				84797F0C287B618200FA4503 /* DataCar */,
				849C64322874AF5C00D1B2C8 /* AutenticationUser */,
				84797F0B287B614C00FA4503 /* CustomCellView */,
				84A91169286927B50095749C /* Assets.xcassets */,
				84A9116B286927B50095749C /* LaunchScreen.storyboard */,
				84A9116E286927B50095749C /* Info.plist */,
				84A91182286AA3860095749C /* GoogleService-Info.plist */,
			);
			path = RapiCar;
			sourceTree = "<group>";
		};
		9B2A83F22C6E7BB2B92714AE /* Pods */ = {
			isa = PBXGroup;
			children = (
				84FAD0C46D755905325ECDF1 /* Pods-RapiCar.debug.xcconfig */,
				B25E87080C1307B1EDBE6F58 /* Pods-RapiCar.release.xcconfig */,
			);
			path = Pods;
			sourceTree = "<group>";
		};
/* End PBXGroup section */

/* Begin PBXNativeTarget section */
		84A9115C286927B50095749C /* RapiCar */ = {
			isa = PBXNativeTarget;
			buildConfigurationList = 84A91171286927B50095749C /* Build configuration list for PBXNativeTarget "RapiCar" */;
			buildPhases = (
				B37D7E9E205901BA401B23EA /* [CP] Check Pods Manifest.lock */,
				84A91159286927B50095749C /* Sources */,
				84A9115A286927B50095749C /* Frameworks */,
				84A9115B286927B50095749C /* Resources */,
				2DFC725142583BA58D7EEC4F /* [CP] Embed Pods Frameworks */,
			);
			buildRules = (
			);
			dependencies = (
			);
			name = RapiCar;
			productName = RapiCar;
			productReference = 84A9115D286927B50095749C /* RapiCar.app */;
			productType = "com.apple.product-type.application";
		};
/* End PBXNativeTarget section */

/* Begin PBXProject section */
		84A91155286927B50095749C /* Project object */ = {
			isa = PBXProject;
			attributes = {
				BuildIndependentTargetsInParallel = 1;
				LastSwiftUpdateCheck = 1320;
				LastUpgradeCheck = 1320;
				TargetAttributes = {
					84A9115C286927B50095749C = {
						CreatedOnToolsVersion = 13.2.1;
					};
				};
			};
			buildConfigurationList = 84A91158286927B50095749C /* Build configuration list for PBXProject "RapiCar" */;
			compatibilityVersion = "Xcode 13.0";
			developmentRegion = en;
			hasScannedForEncodings = 0;
			knownRegions = (
				en,
				Base,
			);
			mainGroup = 84A91154286927B50095749C;
			productRefGroup = 84A9115E286927B50095749C /* Products */;
			projectDirPath = "";
			projectRoot = "";
			targets = (
				84A9115C286927B50095749C /* RapiCar */,
			);
		};
/* End PBXProject section */

/* Begin PBXResourcesBuildPhase section */
		84A9115B286927B50095749C /* Resources */ = {
			isa = PBXResourcesBuildPhase;
			buildActionMask = 2147483647;
			files = (
				84A9116D286927B50095749C /* LaunchScreen.storyboard in Resources */,
				84797F0A287B2D2600FA4503 /* data.json in Resources */,
				84A91183286AA3860095749C /* GoogleService-Info.plist in Resources */,
				849C644028789CE700D1B2C8 /* CardTableViewCell.xib in Resources */,
				84A9116A286927B50095749C /* Assets.xcassets in Resources */,
				84A91168286927B50095749C /* Main.storyboard in Resources */,
			);
			runOnlyForDeploymentPostprocessing = 0;
		};
/* End PBXResourcesBuildPhase section */

/* Begin PBXShellScriptBuildPhase section */
		2DFC725142583BA58D7EEC4F /* [CP] Embed Pods Frameworks */ = {
			isa = PBXShellScriptBuildPhase;
			buildActionMask = 2147483647;
			files = (
			);
			inputFileListPaths = (
				"${PODS_ROOT}/Target Support Files/Pods-RapiCar/Pods-RapiCar-frameworks-${CONFIGURATION}-input-files.xcfilelist",
			);
			name = "[CP] Embed Pods Frameworks";
			outputFileListPaths = (
				"${PODS_ROOT}/Target Support Files/Pods-RapiCar/Pods-RapiCar-frameworks-${CONFIGURATION}-output-files.xcfilelist",
			);
			runOnlyForDeploymentPostprocessing = 0;
			shellPath = /bin/sh;
			shellScript = "\"${PODS_ROOT}/Target Support Files/Pods-RapiCar/Pods-RapiCar-frameworks.sh\"\n";
			showEnvVarsInLog = 0;
		};
		B37D7E9E205901BA401B23EA /* [CP] Check Pods Manifest.lock */ = {
			isa = PBXShellScriptBuildPhase;
			buildActionMask = 2147483647;
			files = (
			);
			inputFileListPaths = (
			);
			inputPaths = (
				"${PODS_PODFILE_DIR_PATH}/Podfile.lock",
				"${PODS_ROOT}/Manifest.lock",
			);
			name = "[CP] Check Pods Manifest.lock";
			outputFileListPaths = (
			);
			outputPaths = (
				"$(DERIVED_FILE_DIR)/Pods-RapiCar-checkManifestLockResult.txt",
			);
			runOnlyForDeploymentPostprocessing = 0;
			shellPath = /bin/sh;
			shellScript = "diff \"${PODS_PODFILE_DIR_PATH}/Podfile.lock\" \"${PODS_ROOT}/Manifest.lock\" > /dev/null\nif [ $? != 0 ] ; then\n    # print error to STDERR\n    echo \"error: The sandbox is not in sync with the Podfile.lock. Run 'pod install' or update your CocoaPods installation.\" >&2\n    exit 1\nfi\n# This output is used by Xcode 'outputs' to avoid re-running this script phase.\necho \"SUCCESS\" > \"${SCRIPT_OUTPUT_FILE_0}\"\n";
			showEnvVarsInLog = 0;
		};
/* End PBXShellScriptBuildPhase section */

/* Begin PBXSourcesBuildPhase section */
		84A91159286927B50095749C /* Sources */ = {
			isa = PBXSourcesBuildPhase;
			buildActionMask = 2147483647;
			files = (
				84797F29287D42C200FA4503 /* Structur.swift in Sources */,
				84A911812869FFE00095749C /* SearchViewController.swift in Sources */,
				84A9117D2869FFC70095749C /* LoginViewController.swift in Sources */,
				84A91165286927B50095749C /* ViewController.swift in Sources */,
				84A91161286927B50095749C /* AppDelegate.swift in Sources */,
				84797F21287C9FB000FA4503 /* BuyViewController.swift in Sources */,
				8479BC94287DC8BE00DF21A3 /* TarjetViewController.swift in Sources */,
				84A91163286927B50095749C /* SceneDelegate.swift in Sources */,
				84797F11287B7B8F00FA4503 /* MyLocation.swift in Sources */,
				84A9117F2869FFD60095749C /* SiginViewController.swift in Sources */,
				849C643F28789CE700D1B2C8 /* CardTableViewCell.swift in Sources */,
				84797F0E287B63DE00FA4503 /* MapViewController.swift in Sources */,
				84797F2B287D43F900FA4503 /* Repository.swift in Sources */,
			);
			runOnlyForDeploymentPostprocessing = 0;
		};
/* End PBXSourcesBuildPhase section */

/* Begin PBXVariantGroup section */
		84A91166286927B50095749C /* Main.storyboard */ = {
			isa = PBXVariantGroup;
			children = (
				84A91167286927B50095749C /* Base */,
			);
			name = Main.storyboard;
			sourceTree = "<group>";
		};
		84A9116B286927B50095749C /* LaunchScreen.storyboard */ = {
			isa = PBXVariantGroup;
			children = (
				84A9116C286927B50095749C /* Base */,
			);
			name = LaunchScreen.storyboard;
			sourceTree = "<group>";
		};
/* End PBXVariantGroup section */

/* Begin XCBuildConfiguration section */
		84A9116F286927B50095749C /* Debug */ = {
			isa = XCBuildConfiguration;
			buildSettings = {
				ALWAYS_SEARCH_USER_PATHS = NO;
				CLANG_ANALYZER_NONNULL = YES;
				CLANG_ANALYZER_NUMBER_OBJECT_CONVERSION = YES_AGGRESSIVE;
				CLANG_CXX_LANGUAGE_STANDARD = "gnu++17";
				CLANG_CXX_LIBRARY = "libc++";
				CLANG_ENABLE_MODULES = YES;
				CLANG_ENABLE_OBJC_ARC = YES;
				CLANG_ENABLE_OBJC_WEAK = YES;
				CLANG_WARN_BLOCK_CAPTURE_AUTORELEASING = YES;
				CLANG_WARN_BOOL_CONVERSION = YES;
				CLANG_WARN_COMMA = YES;
				CLANG_WARN_CONSTANT_CONVERSION = YES;
				CLANG_WARN_DEPRECATED_OBJC_IMPLEMENTATIONS = YES;
				CLANG_WARN_DIRECT_OBJC_ISA_USAGE = YES_ERROR;
				CLANG_WARN_DOCUMENTATION_COMMENTS = YES;
				CLANG_WARN_EMPTY_BODY = YES;
				CLANG_WARN_ENUM_CONVERSION = YES;
				CLANG_WARN_INFINITE_RECURSION = YES;
				CLANG_WARN_INT_CONVERSION = YES;
				CLANG_WARN_NON_LITERAL_NULL_CONVERSION = YES;
				CLANG_WARN_OBJC_IMPLICIT_RETAIN_SELF = YES;
				CLANG_WARN_OBJC_LITERAL_CONVERSION = YES;
				CLANG_WARN_OBJC_ROOT_CLASS = YES_ERROR;
				CLANG_WARN_QUOTED_INCLUDE_IN_FRAMEWORK_HEADER = YES;
				CLANG_WARN_RANGE_LOOP_ANALYSIS = YES;
				CLANG_WARN_STRICT_PROTOTYPES = YES;
				CLANG_WARN_SUSPICIOUS_MOVE = YES;
				CLANG_WARN_UNGUARDED_AVAILABILITY = YES_AGGRESSIVE;
				CLANG_WARN_UNREACHABLE_CODE = YES;
				CLANG_WARN__DUPLICATE_METHOD_MATCH = YES;
				COPY_PHASE_STRIP = NO;
				DEBUG_INFORMATION_FORMAT = dwarf;
				ENABLE_STRICT_OBJC_MSGSEND = YES;
				ENABLE_TESTABILITY = YES;
				GCC_C_LANGUAGE_STANDARD = gnu11;
				GCC_DYNAMIC_NO_PIC = NO;
				GCC_NO_COMMON_BLOCKS = YES;
				GCC_OPTIMIZATION_LEVEL = 0;
				GCC_PREPROCESSOR_DEFINITIONS = (
					"DEBUG=1",
					"$(inherited)",
				);
				GCC_WARN_64_TO_32_BIT_CONVERSION = YES;
				GCC_WARN_ABOUT_RETURN_TYPE = YES_ERROR;
				GCC_WARN_UNDECLARED_SELECTOR = YES;
				GCC_WARN_UNINITIALIZED_AUTOS = YES_AGGRESSIVE;
				GCC_WARN_UNUSED_FUNCTION = YES;
				GCC_WARN_UNUSED_VARIABLE = YES;
				IPHONEOS_DEPLOYMENT_TARGET = 15.2;
				MTL_ENABLE_DEBUG_INFO = INCLUDE_SOURCE;
				MTL_FAST_MATH = YES;
				ONLY_ACTIVE_ARCH = YES;
				SDKROOT = iphoneos;
				SWIFT_ACTIVE_COMPILATION_CONDITIONS = DEBUG;
				SWIFT_OPTIMIZATION_LEVEL = "-Onone";
			};
			name = Debug;
		};
		84A91170286927B50095749C /* Release */ = {
			isa = XCBuildConfiguration;
			buildSettings = {
				ALWAYS_SEARCH_USER_PATHS = NO;
				CLANG_ANALYZER_NONNULL = YES;
				CLANG_ANALYZER_NUMBER_OBJECT_CONVERSION = YES_AGGRESSIVE;
				CLANG_CXX_LANGUAGE_STANDARD = "gnu++17";
				CLANG_CXX_LIBRARY = "libc++";
				CLANG_ENABLE_MODULES = YES;
				CLANG_ENABLE_OBJC_ARC = YES;
				CLANG_ENABLE_OBJC_WEAK = YES;
				CLANG_WARN_BLOCK_CAPTURE_AUTORELEASING = YES;
				CLANG_WARN_BOOL_CONVERSION = YES;
				CLANG_WARN_COMMA = YES;
				CLANG_WARN_CONSTANT_CONVERSION = YES;
				CLANG_WARN_DEPRECATED_OBJC_IMPLEMENTATIONS = YES;
				CLANG_WARN_DIRECT_OBJC_ISA_USAGE = YES_ERROR;
				CLANG_WARN_DOCUMENTATION_COMMENTS = YES;
				CLANG_WARN_EMPTY_BODY = YES;
				CLANG_WARN_ENUM_CONVERSION = YES;
				CLANG_WARN_INFINITE_RECURSION = YES;
				CLANG_WARN_INT_CONVERSION = YES;
				CLANG_WARN_NON_LITERAL_NULL_CONVERSION = YES;
				CLANG_WARN_OBJC_IMPLICIT_RETAIN_SELF = YES;
				CLANG_WARN_OBJC_LITERAL_CONVERSION = YES;
				CLANG_WARN_OBJC_ROOT_CLASS = YES_ERROR;
				CLANG_WARN_QUOTED_INCLUDE_IN_FRAMEWORK_HEADER = YES;
				CLANG_WARN_RANGE_LOOP_ANALYSIS = YES;
				CLANG_WARN_STRICT_PROTOTYPES = YES;
				CLANG_WARN_SUSPICIOUS_MOVE = YES;
				CLANG_WARN_UNGUARDED_AVAILABILITY = YES_AGGRESSIVE;
				CLANG_WARN_UNREACHABLE_CODE = YES;
				CLANG_WARN__DUPLICATE_METHOD_MATCH = YES;
				COPY_PHASE_STRIP = NO;
				DEBUG_INFORMATION_FORMAT = "dwarf-with-dsym";
				ENABLE_NS_ASSERTIONS = NO;
				ENABLE_STRICT_OBJC_MSGSEND = YES;
				GCC_C_LANGUAGE_STANDARD = gnu11;
				GCC_NO_COMMON_BLOCKS = YES;
				GCC_WARN_64_TO_32_BIT_CONVERSION = YES;
				GCC_WARN_ABOUT_RETURN_TYPE = YES_ERROR;
				GCC_WARN_UNDECLARED_SELECTOR = YES;
				GCC_WARN_UNINITIALIZED_AUTOS = YES_AGGRESSIVE;
				GCC_WARN_UNUSED_FUNCTION = YES;
				GCC_WARN_UNUSED_VARIABLE = YES;
				IPHONEOS_DEPLOYMENT_TARGET = 15.2;
				MTL_ENABLE_DEBUG_INFO = NO;
				MTL_FAST_MATH = YES;
				SDKROOT = iphoneos;
				SWIFT_COMPILATION_MODE = wholemodule;
				SWIFT_OPTIMIZATION_LEVEL = "-O";
				VALIDATE_PRODUCT = YES;
			};
			name = Release;
		};
		84A91172286927B50095749C /* Debug */ = {
			isa = XCBuildConfiguration;
			baseConfigurationReference = 84FAD0C46D755905325ECDF1 /* Pods-RapiCar.debug.xcconfig */;
			buildSettings = {
				ASSETCATALOG_COMPILER_APPICON_NAME = AppIcon;
				ASSETCATALOG_COMPILER_GLOBAL_ACCENT_COLOR_NAME = AccentColor;
				CODE_SIGN_STYLE = Automatic;
				CURRENT_PROJECT_VERSION = 1;
				DEVELOPMENT_TEAM = YR3G4B7JB9;
				EXCLUDED_ARCHS = "";
				GENERATE_INFOPLIST_FILE = YES;
				INFOPLIST_FILE = RapiCar/Info.plist;
				INFOPLIST_KEY_UIApplicationSupportsIndirectInputEvents = YES;
				INFOPLIST_KEY_UILaunchStoryboardName = LaunchScreen;
				INFOPLIST_KEY_UIMainStoryboardFile = Main;
				INFOPLIST_KEY_UISupportedInterfaceOrientations_iPad = "UIInterfaceOrientationPortrait UIInterfaceOrientationPortraitUpsideDown UIInterfaceOrientationLandscapeLeft UIInterfaceOrientationLandscapeRight";
				INFOPLIST_KEY_UISupportedInterfaceOrientations_iPhone = "UIInterfaceOrientationPortrait UIInterfaceOrientationLandscapeLeft UIInterfaceOrientationLandscapeRight";
				LD_RUNPATH_SEARCH_PATHS = (
					"$(inherited)",
					"@executable_path/Frameworks",
				);
				MARKETING_VERSION = 1.0;
				ONLY_ACTIVE_ARCH = YES;
				PRODUCT_BUNDLE_IDENTIFIER = pe.apacheco.RapiCar;
				PRODUCT_NAME = "$(TARGET_NAME)";
				SWIFT_EMIT_LOC_STRINGS = YES;
				SWIFT_VERSION = 5.0;
				TARGETED_DEVICE_FAMILY = "1,2";
			};
			name = Debug;
		};
		84A91173286927B50095749C /* Release */ = {
			isa = XCBuildConfiguration;
			baseConfigurationReference = B25E87080C1307B1EDBE6F58 /* Pods-RapiCar.release.xcconfig */;
			buildSettings = {
				ASSETCATALOG_COMPILER_APPICON_NAME = AppIcon;
				ASSETCATALOG_COMPILER_GLOBAL_ACCENT_COLOR_NAME = AccentColor;
				CODE_SIGN_STYLE = Automatic;
				CURRENT_PROJECT_VERSION = 1;
				DEVELOPMENT_TEAM = YR3G4B7JB9;
				EXCLUDED_ARCHS = "";
				GENERATE_INFOPLIST_FILE = YES;
				INFOPLIST_FILE = RapiCar/Info.plist;
				INFOPLIST_KEY_UIApplicationSupportsIndirectInputEvents = YES;
				INFOPLIST_KEY_UILaunchStoryboardName = LaunchScreen;
				INFOPLIST_KEY_UIMainStoryboardFile = Main;
				INFOPLIST_KEY_UISupportedInterfaceOrientations_iPad = "UIInterfaceOrientationPortrait UIInterfaceOrientationPortraitUpsideDown UIInterfaceOrientationLandscapeLeft UIInterfaceOrientationLandscapeRight";
				INFOPLIST_KEY_UISupportedInterfaceOrientations_iPhone = "UIInterfaceOrientationPortrait UIInterfaceOrientationLandscapeLeft UIInterfaceOrientationLandscapeRight";
				LD_RUNPATH_SEARCH_PATHS = (
					"$(inherited)",
					"@executable_path/Frameworks",
				);
				MARKETING_VERSION = 1.0;
				ONLY_ACTIVE_ARCH = YES;
				PRODUCT_BUNDLE_IDENTIFIER = pe.apacheco.RapiCar;
				PRODUCT_NAME = "$(TARGET_NAME)";
				SWIFT_EMIT_LOC_STRINGS = YES;
				SWIFT_VERSION = 5.0;
				TARGETED_DEVICE_FAMILY = "1,2";
			};
			name = Release;
		};
/* End XCBuildConfiguration section */

/* Begin XCConfigurationList section */
		84A91158286927B50095749C /* Build configuration list for PBXProject "RapiCar" */ = {
			isa = XCConfigurationList;
			buildConfigurations = (
				84A9116F286927B50095749C /* Debug */,
				84A91170286927B50095749C /* Release */,
			);
			defaultConfigurationIsVisible = 0;
			defaultConfigurationName = Release;
		};
		84A91171286927B50095749C /* Build configuration list for PBXNativeTarget "RapiCar" */ = {
			isa = XCConfigurationList;
			buildConfigurations = (
				84A91172286927B50095749C /* Debug */,
				84A91173286927B50095749C /* Release */,
			);
			defaultConfigurationIsVisible = 0;
			defaultConfigurationName = Release;
		};
/* End XCConfigurationList section */
	};
	rootObject = 84A91155286927B50095749C /* Project object */;
}
